
Microsoft Visual Studio Solution File, Format Version 12.00
# Visual Studio Version 16
VisualStudioVersion = 16.0.30011.22
MinimumVisualStudioVersion = 10.0.40219.1
Project("{8BC9CEB8-8B4A-11D0-8D11-00A0C91BC942}") = "TV", "TV\TV.vcxproj", "{0FF207BC-365F-452C-9E1F-BD8B4ACD9C94}"
EndProject
Global
	GlobalSection(SolutionConfigurationPlatforms) = preSolution
		Debug|x64 = Debug|x64
		Debug|x86 = Debug|x86
		Release|x64 = Release|x64
		Release|x86 = Release|x86
	EndGlobalSection
	GlobalSection(ProjectConfigurationPlatforms) = postSolution
		{0FF207BC-365F-452C-9E1F-BD8B4ACD9C94}.Debug|x64.ActiveCfg = Debug|x64
		{0FF207BC-365F-452C-9E1F-BD8B4ACD9C94}.Debug|x64.Build.0 = Debug|x64
		{0FF207BC-365F-452C-9E1F-BD8B4ACD9C94}.Debug|x86.ActiveCfg = Debug|Win32
		{0FF207BC-365F-452C-9E1F-BD8B4ACD9C94}.Debug|x86.Build.0 = Debug|Win32
		{0FF207BC-365F-452C-9E1F-BD8B4ACD9C94}.Release|x64.ActiveCfg = Release|x64
		{0FF207BC-365F-452C-9E1F-BD8B4ACD9C94}.Release|x64.Build.0 = Release|x64
		{0FF207BC-365F-452C-9E1F-BD8B4ACD9C94}.Release|x86.ActiveCfg = Release|Win32
		{0FF207BC-365F-452C-9E1F-BD8B4ACD9C94}.Release|x86.Build.0 = Release|Win32
	EndGlobalSection
	GlobalSection(SolutionProperties) = preSolution
		HideSolutionNode = FALSE
	EndGlobalSection
	GlobalSection(ExtensibilityGlobals) = postSolution
		SolutionGuid = {DE9B4C2E-11A1-4DB2-86CB-180A0361DC9E}
	EndGlobalSection
EndGlobal
